
Microsoft Visual Studio Solution File, Format Version 12.00
# Visual Studio Version 17
VisualStudioVersion = 17.14.36429.23
MinimumVisualStudioVersion = 10.0.40219.1
Project("{FAE04EC0-301F-11D3-BF4B-00C04F79EFBC}") = "apiprofessionals", "apiprofessionals\apiprofessionals.csproj", "{C5D189CB-7D1E-4846-84C1-FBE0C6E1E797}"
EndProject
Project("{FAE04EC0-301F-11D3-BF4B-00C04F79EFBC}") = "apiprofessionalsTests", "apiprofessionalsTests\apiprofessionalsTests.csproj", "{CCE56E8B-F16F-4869-926D-9277653C691B}"
EndProject
Global
	GlobalSection(SolutionConfigurationPlatforms) = preSolution
		Debug|Any CPU = Debug|Any CPU
		Release|Any CPU = Release|Any CPU
	EndGlobalSection
	GlobalSection(ProjectConfigurationPlatforms) = postSolution
		{C5D189CB-7D1E-4846-84C1-FBE0C6E1E797}.Debug|Any CPU.ActiveCfg = Debug|Any CPU
		{C5D189CB-7D1E-4846-84C1-FBE0C6E1E797}.Debug|Any CPU.Build.0 = Debug|Any CPU
		{C5D189CB-7D1E-4846-84C1-FBE0C6E1E797}.Release|Any CPU.ActiveCfg = Release|Any CPU
		{C5D189CB-7D1E-4846-84C1-FBE0C6E1E797}.Release|Any CPU.Build.0 = Release|Any CPU
		{CCE56E8B-F16F-4869-926D-9277653C691B}.Debug|Any CPU.ActiveCfg = Debug|Any CPU
		{CCE56E8B-F16F-4869-926D-9277653C691B}.Debug|Any CPU.Build.0 = Debug|Any CPU
		{CCE56E8B-F16F-4869-926D-9277653C691B}.Release|Any CPU.ActiveCfg = Release|Any CPU
		{CCE56E8B-F16F-4869-926D-9277653C691B}.Release|Any CPU.Build.0 = Release|Any CPU
	EndGlobalSection
	GlobalSection(SolutionProperties) = preSolution
		HideSolutionNode = FALSE
	EndGlobalSection
	GlobalSection(ExtensibilityGlobals) = postSolution
		SolutionGuid = {83D0DA46-C476-40D4-8E18-A98B85A6A099}
	EndGlobalSection
EndGlobal
